// !$*UTF8*$!
{
	archiveVersion = 1;
	classes = {
	};
	objectVersion = 77;
	objects = {

/* Begin PBXBuildFile section */
		87E1F1B92FA3FE5B00F52A88 /* SavedDinnersView.swift in Sources */ = {isa = PBXBuildFile; fileRef = 87E1F1B22FA3FE5B00F52A88 /* SavedDinnersView.swift */; };
		87E1F1BA2FA3FE5B00F52A88 /* VideoFrameOCRService.swift in Sources */ = {isa = PBXBuildFile; fileRef = 87E1F1B42FA3FE5B00F52A88 /* VideoFrameOCRService.swift */; };
		87E1F1BB2FA3FE5B00F52A88 /* VideoImporterView.swift in Sources */ = {isa = PBXBuildFile; fileRef = 87E1F1B52FA3FE5B00F52A88 /* VideoImporterView.swift */; };
		87E1F1BC2FA3FE5B00F52A88 /* SavedDinner.swift in Sources */ = {isa = PBXBuildFile; fileRef = 87E1F1B12FA3FE5B00F52A88 /* SavedDinner.swift */; };
		87E1F1BD2FA3FE5B00F52A88 /* DinnerDetailView.swift in Sources */ = {isa = PBXBuildFile; fileRef = 87E1F1A82FA3FE5B00F52A88 /* DinnerDetailView.swift */; };
		87E1F1BE2FA3FE5B00F52A88 /* DinnerPlannerView.swift in Sources */ = {isa = PBXBuildFile; fileRef = 87E1F1A92FA3FE5B00F52A88 /* DinnerPlannerView.swift */; };
		87E1F1BF2FA3FE5B00F52A88 /* MealPlannerRecipesApp.swift in Sources */ = {isa = PBXBuildFile; fileRef = 87E1F1AD2FA3FE5B00F52A88 /* MealPlannerRecipesApp.swift */; };
		87E1F1C02FA3FE5B00F52A88 /* OpenAIRecipeService.swift in Sources */ = {isa = PBXBuildFile; fileRef = 87E1F1AE2FA3FE5B00F52A88 /* OpenAIRecipeService.swift */; };
		87E1F1C12FA3FE5B00F52A88 /* RecipeFullScreenView.swift in Sources */ = {isa = PBXBuildFile; fileRef = 87E1F1B02FA3FE5B00F52A88 /* RecipeFullScreenView.swift */; };
		87E1F1C32FA3FE5B00F52A88 /* SpeechTranscriber.swift in Sources */ = {isa = PBXBuildFile; fileRef = 87E1F1B32FA3FE5B00F52A88 /* SpeechTranscriber.swift */; };
		87E1F1C42FA3FE5B00F52A88 /* ContentView.swift in Sources */ = {isa = PBXBuildFile; fileRef = 87E1F1A72FA3FE5B00F52A88 /* ContentView.swift */; };
		87E1F1C52FA3FE5B00F52A88 /* DinnerStore.swift in Sources */ = {isa = PBXBuildFile; fileRef = 87E1F1AA2FA3FE5B00F52A88 /* DinnerStore.swift */; };
		87E1F1C62FA3FE5B00F52A88 /* Assets.xcassets in Resources */ = {isa = PBXBuildFile; fileRef = 87E1F1A62FA3FE5B00F52A88 /* Assets.xcassets */; };
		87E1F1C92FA3FFA400F52A88 /* RecipeCleaner.swift in Sources */ = {isa = PBXBuildFile; fileRef = 87E1F1C82FA3FF9400F52A88 /* RecipeCleaner.swift */; };
		87E1F1CB2FA3FFC600F52A88 /* EditRecipeView.swift in Sources */ = {isa = PBXBuildFile; fileRef = 87E1F1CA2FA3FFC100F52A88 /* EditRecipeView.swift */; };
/* End PBXBuildFile section */

/* Begin PBXFileReference section */
		87321E312FA341AF00958092 /* MealPlannerRecipes.app */ = {isa = PBXFileReference; explicitFileType = wrapper.application; includeInIndex = 0; path = MealPlannerRecipes.app; sourceTree = BUILT_PRODUCTS_DIR; };
		87E1F1A62FA3FE5B00F52A88 /* Assets.xcassets */ = {isa = PBXFileReference; lastKnownFileType = folder.assetcatalog; path = Assets.xcassets; sourceTree = "<group>"; };
		87E1F1A72FA3FE5B00F52A88 /* ContentView.swift */ = {isa = PBXFileReference; lastKnownFileType = sourcecode.swift; path = ContentView.swift; sourceTree = "<group>"; };
		87E1F1A82FA3FE5B00F52A88 /* DinnerDetailView.swift */ = {isa = PBXFileReference; lastKnownFileType = sourcecode.swift; path = DinnerDetailView.swift; sourceTree = "<group>"; };
		87E1F1A92FA3FE5B00F52A88 /* DinnerPlannerView.swift */ = {isa = PBXFileReference; lastKnownFileType = sourcecode.swift; path = DinnerPlannerView.swift; sourceTree = "<group>"; };
		87E1F1AA2FA3FE5B00F52A88 /* DinnerStore.swift */ = {isa = PBXFileReference; lastKnownFileType = sourcecode.swift; path = DinnerStore.swift; sourceTree = "<group>"; };
		87E1F1AC2FA3FE5B00F52A88 /* MealPlannerRecipes.xcodeproj */ = {isa = PBXFileReference; lastKnownFileType = "wrapper.pb-project"; path = MealPlannerRecipes.xcodeproj; sourceTree = "<group>"; };
		87E1F1AD2FA3FE5B00F52A88 /* MealPlannerRecipesApp.swift */ = {isa = PBXFileReference; lastKnownFileType = sourcecode.swift; path = MealPlannerRecipesApp.swift; sourceTree = "<group>"; };
		87E1F1AE2FA3FE5B00F52A88 /* OpenAIRecipeService.swift */ = {isa = PBXFileReference; lastKnownFileType = sourcecode.swift; path = OpenAIRecipeService.swift; sourceTree = "<group>"; };
		87E1F1B02FA3FE5B00F52A88 /* RecipeFullScreenView.swift */ = {isa = PBXFileReference; lastKnownFileType = sourcecode.swift; path = RecipeFullScreenView.swift; sourceTree = "<group>"; };
		87E1F1B12FA3FE5B00F52A88 /* SavedDinner.swift */ = {isa = PBXFileReference; lastKnownFileType = sourcecode.swift; path = SavedDinner.swift; sourceTree = "<group>"; };
		87E1F1B22FA3FE5B00F52A88 /* SavedDinnersView.swift */ = {isa = PBXFileReference; lastKnownFileType = sourcecode.swift; path = SavedDinnersView.swift; sourceTree = "<group>"; };
		87E1F1B32FA3FE5B00F52A88 /* SpeechTranscriber.swift */ = {isa = PBXFileReference; lastKnownFileType = sourcecode.swift; path = SpeechTranscriber.swift; sourceTree = "<group>"; };
		87E1F1B42FA3FE5B00F52A88 /* VideoFrameOCRService.swift */ = {isa = PBXFileReference; lastKnownFileType = sourcecode.swift; path = VideoFrameOCRService.swift; sourceTree = "<group>"; };
		87E1F1B52FA3FE5B00F52A88 /* VideoImporterView.swift */ = {isa = PBXFileReference; lastKnownFileType = sourcecode.swift; path = VideoImporterView.swift; sourceTree = "<group>"; };
		87E1F1C72FA3FE5D00F52A88 /* MealPlannerRecipes-Bridging-Header.h */ = {isa = PBXFileReference; lastKnownFileType = sourcecode.c.h; path = "MealPlannerRecipes-Bridging-Header.h"; sourceTree = "<group>"; };
		87E1F1C82FA3FF9400F52A88 /* RecipeCleaner.swift */ = {isa = PBXFileReference; lastKnownFileType = sourcecode.swift; path = RecipeCleaner.swift; sourceTree = "<group>"; };
		87E1F1CA2FA3FFC100F52A88 /* EditRecipeView.swift */ = {isa = PBXFileReference; lastKnownFileType = sourcecode.swift; path = EditRecipeView.swift; sourceTree = "<group>"; };
/* End PBXFileReference section */

/* Begin PBXFrameworksBuildPhase section */
		87321E2E2FA341AF00958092 /* Frameworks */ = {
			isa = PBXFrameworksBuildPhase;
			buildActionMask = 2147483647;
			files = (
			);
			runOnlyForDeploymentPostprocessing = 0;
		};
/* End PBXFrameworksBuildPhase section */

/* Begin PBXGroup section */
		87321E282FA341AF00958092 = {
			isa = PBXGroup;
			children = (
				87E1F1CA2FA3FFC100F52A88 /* EditRecipeView.swift */,
				87E1F1C82FA3FF9400F52A88 /* RecipeCleaner.swift */,
				87E1F1AC2FA3FE5B00F52A88 /* MealPlannerRecipes.xcodeproj */,
				87E1F1A62FA3FE5B00F52A88 /* Assets.xcassets */,
				87E1F1A72FA3FE5B00F52A88 /* ContentView.swift */,
				87E1F1A82FA3FE5B00F52A88 /* DinnerDetailView.swift */,
				87E1F1A92FA3FE5B00F52A88 /* DinnerPlannerView.swift */,
				87E1F1AA2FA3FE5B00F52A88 /* DinnerStore.swift */,
				87E1F1AD2FA3FE5B00F52A88 /* MealPlannerRecipesApp.swift */,
				87E1F1AE2FA3FE5B00F52A88 /* OpenAIRecipeService.swift */,
				87E1F1B02FA3FE5B00F52A88 /* RecipeFullScreenView.swift */,
				87E1F1B12FA3FE5B00F52A88 /* SavedDinner.swift */,
				87E1F1B22FA3FE5B00F52A88 /* SavedDinnersView.swift */,
				87E1F1B32FA3FE5B00F52A88 /* SpeechTranscriber.swift */,
				87E1F1B42FA3FE5B00F52A88 /* VideoFrameOCRService.swift */,
				87E1F1B52FA3FE5B00F52A88 /* VideoImporterView.swift */,
				87321E322FA341AF00958092 /* Products */,
				87E1F1C72FA3FE5D00F52A88 /* MealPlannerRecipes-Bridging-Header.h */,
			);
			sourceTree = "<group>";
		};
		87321E322FA341AF00958092 /* Products */ = {
			isa = PBXGroup;
			children = (
				87321E312FA341AF00958092 /* MealPlannerRecipes.app */,
			);
			name = Products;
			sourceTree = "<group>";
		};
		87405AB22FA404D100AA4565 /* Products */ = {
			isa = PBXGroup;
			name = Products;
			sourceTree = "<group>";
		};
/* End PBXGroup section */

/* Begin PBXNativeTarget section */
		87321E302FA341AF00958092 /* MealPlannerRecipes */ = {
			isa = PBXNativeTarget;
			buildConfigurationList = 87321E3C2FA341B000958092 /* Build configuration list for PBXNativeTarget "MealPlannerRecipes" */;
			buildPhases = (
				87321E2D2FA341AF00958092 /* Sources */,
				87321E2E2FA341AF00958092 /* Frameworks */,
				87321E2F2FA341AF00958092 /* Resources */,
			);
			buildRules = (
			);
			dependencies = (
			);
			name = MealPlannerRecipes;
			packageProductDependencies = (
			);
			productName = MealPlannerRecipes;
			productReference = 87321E312FA341AF00958092 /* MealPlannerRecipes.app */;
			productType = "com.apple.product-type.application";
		};
/* End PBXNativeTarget section */

/* Begin PBXProject section */
		87321E292FA341AF00958092 /* Project object */ = {
			isa = PBXProject;
			attributes = {
				BuildIndependentTargetsInParallel = 1;
				LastSwiftUpdateCheck = 2640;
				LastUpgradeCheck = 2640;
				TargetAttributes = {
					87321E302FA341AF00958092 = {
						CreatedOnToolsVersion = 26.4.1;
						LastSwiftMigration = 2640;
					};
				};
			};
			buildConfigurationList = 87321E2C2FA341AF00958092 /* Build configuration list for PBXProject "MealPlannerRecipes" */;
			developmentRegion = en;
			hasScannedForEncodings = 0;
			knownRegions = (
				en,
				Base,
			);
			mainGroup = 87321E282FA341AF00958092;
			minimizedProjectReferenceProxies = 1;
			preferredProjectObjectVersion = 77;
			productRefGroup = 87321E322FA341AF00958092 /* Products */;
			projectDirPath = "";
			projectReferences = (
				{
					ProductGroup = 87405AB22FA404D100AA4565 /* Products */;
					ProjectRef = 87E1F1AC2FA3FE5B00F52A88 /* MealPlannerRecipes.xcodeproj */;
				},
			);
			projectRoot = "";
			targets = (
				87321E302FA341AF00958092 /* MealPlannerRecipes */,
			);
		};
/* End PBXProject section */

/* Begin PBXResourcesBuildPhase section */
		87321E2F2FA341AF00958092 /* Resources */ = {
			isa = PBXResourcesBuildPhase;
			buildActionMask = 2147483647;
			files = (
				87E1F1C62FA3FE5B00F52A88 /* Assets.xcassets in Resources */,
			);
			runOnlyForDeploymentPostprocessing = 0;
		};
/* End PBXResourcesBuildPhase section */

/* Begin PBXSourcesBuildPhase section */
		87321E2D2FA341AF00958092 /* Sources */ = {
			isa = PBXSourcesBuildPhase;
			buildActionMask = 2147483647;
			files = (
				87E1F1B92FA3FE5B00F52A88 /* SavedDinnersView.swift in Sources */,
				87E1F1BA2FA3FE5B00F52A88 /* VideoFrameOCRService.swift in Sources */,
				87E1F1BB2FA3FE5B00F52A88 /* VideoImporterView.swift in Sources */,
				87E1F1BC2FA3FE5B00F52A88 /* SavedDinner.swift in Sources */,
				87E1F1BD2FA3FE5B00F52A88 /* DinnerDetailView.swift in Sources */,
				87E1F1BE2FA3FE5B00F52A88 /* DinnerPlannerView.swift in Sources */,
				87E1F1CB2FA3FFC600F52A88 /* EditRecipeView.swift in Sources */,
				87E1F1BF2FA3FE5B00F52A88 /* MealPlannerRecipesApp.swift in Sources */,
				87E1F1C92FA3FFA400F52A88 /* RecipeCleaner.swift in Sources */,
				87E1F1C02FA3FE5B00F52A88 /* OpenAIRecipeService.swift in Sources */,
				87E1F1C12FA3FE5B00F52A88 /* RecipeFullScreenView.swift in Sources */,
				87E1F1C32FA3FE5B00F52A88 /* SpeechTranscriber.swift in Sources */,
				87E1F1C42FA3FE5B00F52A88 /* ContentView.swift in Sources */,
				87E1F1C52FA3FE5B00F52A88 /* DinnerStore.swift in Sources */,
			);
			runOnlyForDeploymentPostprocessing = 0;
		};
/* End PBXSourcesBuildPhase section */

/* Begin XCBuildConfiguration section */
		87321E3A2FA341B000958092 /* Debug */ = {
			isa = XCBuildConfiguration;
			buildSettings = {
				ALWAYS_SEARCH_USER_PATHS = NO;
				ASSETCATALOG_COMPILER_GENERATE_SWIFT_ASSET_SYMBOL_EXTENSIONS = YES;
				CLANG_ANALYZER_NONNULL = YES;
				CLANG_ANALYZER_NUMBER_OBJECT_CONVERSION = YES_AGGRESSIVE;
				CLANG_CXX_LANGUAGE_STANDARD = "gnu++20";
				CLANG_ENABLE_MODULES = YES;
				CLANG_ENABLE_OBJC_ARC = YES;
				CLANG_ENABLE_OBJC_WEAK = YES;
				CLANG_WARN_BLOCK_CAPTURE_AUTORELEASING = YES;
				CLANG_WARN_BOOL_CONVERSION = YES;
				CLANG_WARN_COMMA = YES;
				CLANG_WARN_CONSTANT_CONVERSION = YES;
				CLANG_WARN_DEPRECATED_OBJC_IMPLEMENTATIONS = YES;
				CLANG_WARN_DIRECT_OBJC_ISA_USAGE = YES_ERROR;
				CLANG_WARN_DOCUMENTATION_COMMENTS = YES;
				CLANG_WARN_EMPTY_BODY = YES;
				CLANG_WARN_ENUM_CONVERSION = YES;
				CLANG_WARN_INFINITE_RECURSION = YES;
				CLANG_WARN_INT_CONVERSION = YES;
				CLANG_WARN_NON_LITERAL_NULL_CONVERSION = YES;
				CLANG_WARN_OBJC_IMPLICIT_RETAIN_SELF = YES;
				CLANG_WARN_OBJC_LITERAL_CONVERSION = YES;
				CLANG_WARN_OBJC_ROOT_CLASS = YES_ERROR;
				CLANG_WARN_QUOTED_INCLUDE_IN_FRAMEWORK_HEADER = YES;
				CLANG_WARN_RANGE_LOOP_ANALYSIS = YES;
				CLANG_WARN_STRICT_PROTOTYPES = YES;
				CLANG_WARN_SUSPICIOUS_MOVE = YES;
				CLANG_WARN_UNGUARDED_AVAILABILITY = YES_AGGRESSIVE;
				CLANG_WARN_UNREACHABLE_CODE = YES;
				CLANG_WARN__DUPLICATE_METHOD_MATCH = YES;
				COPY_PHASE_STRIP = NO;
				DEBUG_INFORMATION_FORMAT = dwarf;
				DEVELOPMENT_TEAM = 5FA3W32A75;
				ENABLE_STRICT_OBJC_MSGSEND = YES;
				ENABLE_TESTABILITY = YES;
				ENABLE_USER_SCRIPT_SANDBOXING = YES;
				GCC_C_LANGUAGE_STANDARD = gnu17;
				GCC_DYNAMIC_NO_PIC = NO;
				GCC_NO_COMMON_BLOCKS = YES;
				GCC_OPTIMIZATION_LEVEL = 0;
				GCC_PREPROCESSOR_DEFINITIONS = (
					"DEBUG=1",
					"$(inherited)",
				);
				GCC_WARN_64_TO_32_BIT_CONVERSION = YES;
				GCC_WARN_ABOUT_RETURN_TYPE = YES_ERROR;
				GCC_WARN_UNDECLARED_SELECTOR = YES;
				GCC_WARN_UNINITIALIZED_AUTOS = YES_AGGRESSIVE;
				GCC_WARN_UNUSED_FUNCTION = YES;
				GCC_WARN_UNUSED_VARIABLE = YES;
				IPHONEOS_DEPLOYMENT_TARGET = 26.4;
				LOCALIZATION_PREFERS_STRING_CATALOGS = YES;
				MTL_ENABLE_DEBUG_INFO = INCLUDE_SOURCE;
				MTL_FAST_MATH = YES;
				ONLY_ACTIVE_ARCH = YES;
				SDKROOT = iphoneos;
				SWIFT_ACTIVE_COMPILATION_CONDITIONS = "DEBUG $(inherited)";
				SWIFT_OPTIMIZATION_LEVEL = "-Onone";
			};
			name = Debug;
		};
		87321E3B2FA341B000958092 /* Release */ = {
			isa = XCBuildConfiguration;
			buildSettings = {
				ALWAYS_SEARCH_USER_PATHS = NO;
				ASSETCATALOG_COMPILER_GENERATE_SWIFT_ASSET_SYMBOL_EXTENSIONS = YES;
				CLANG_ANALYZER_NONNULL = YES;
				CLANG_ANALYZER_NUMBER_OBJECT_CONVERSION = YES_AGGRESSIVE;
				CLANG_CXX_LANGUAGE_STANDARD = "gnu++20";
				CLANG_ENABLE_MODULES = YES;
				CLANG_ENABLE_OBJC_ARC = YES;
				CLANG_ENABLE_OBJC_WEAK = YES;
				CLANG_WARN_BLOCK_CAPTURE_AUTORELEASING = YES;
				CLANG_WARN_BOOL_CONVERSION = YES;
				CLANG_WARN_COMMA = YES;
				CLANG_WARN_CONSTANT_CONVERSION = YES;
				CLANG_WARN_DEPRECATED_OBJC_IMPLEMENTATIONS = YES;
				CLANG_WARN_DIRECT_OBJC_ISA_USAGE = YES_ERROR;
				CLANG_WARN_DOCUMENTATION_COMMENTS = YES;
				CLANG_WARN_EMPTY_BODY = YES;
				CLANG_WARN_ENUM_CONVERSION = YES;
				CLANG_WARN_INFINITE_RECURSION = YES;
				CLANG_WARN_INT_CONVERSION = YES;
				CLANG_WARN_NON_LITERAL_NULL_CONVERSION = YES;
				CLANG_WARN_OBJC_IMPLICIT_RETAIN_SELF = YES;
				CLANG_WARN_OBJC_LITERAL_CONVERSION = YES;
				CLANG_WARN_OBJC_ROOT_CLASS = YES_ERROR;
				CLANG_WARN_QUOTED_INCLUDE_IN_FRAMEWORK_HEADER = YES;
				CLANG_WARN_RANGE_LOOP_ANALYSIS = YES;
				CLANG_WARN_STRICT_PROTOTYPES = YES;
				CLANG_WARN_SUSPICIOUS_MOVE = YES;
				CLANG_WARN_UNGUARDED_AVAILABILITY = YES_AGGRESSIVE;
				CLANG_WARN_UNREACHABLE_CODE = YES;
				CLANG_WARN__DUPLICATE_METHOD_MATCH = YES;
				COPY_PHASE_STRIP = NO;
				DEBUG_INFORMATION_FORMAT = "dwarf-with-dsym";
				DEVELOPMENT_TEAM = 5FA3W32A75;
				ENABLE_NS_ASSERTIONS = NO;
				ENABLE_STRICT_OBJC_MSGSEND = YES;
				ENABLE_USER_SCRIPT_SANDBOXING = YES;
				GCC_C_LANGUAGE_STANDARD = gnu17;
				GCC_NO_COMMON_BLOCKS = YES;
				GCC_WARN_64_TO_32_BIT_CONVERSION = YES;
				GCC_WARN_ABOUT_RETURN_TYPE = YES_ERROR;
				GCC_WARN_UNDECLARED_SELECTOR = YES;
				GCC_WARN_UNINITIALIZED_AUTOS = YES_AGGRESSIVE;
				GCC_WARN_UNUSED_FUNCTION = YES;
				GCC_WARN_UNUSED_VARIABLE = YES;
				IPHONEOS_DEPLOYMENT_TARGET = 26.4;
				LOCALIZATION_PREFERS_STRING_CATALOGS = YES;
				MTL_ENABLE_DEBUG_INFO = NO;
				MTL_FAST_MATH = YES;
				SDKROOT = iphoneos;
				SWIFT_COMPILATION_MODE = wholemodule;
				VALIDATE_PRODUCT = YES;
			};
			name = Release;
		};
		87321E3D2FA341B000958092 /* Debug */ = {
			isa = XCBuildConfiguration;
			buildSettings = {
				ASSETCATALOG_COMPILER_APPICON_NAME = AppIcon;
				ASSETCATALOG_COMPILER_GLOBAL_ACCENT_COLOR_NAME = AccentColor;
				CLANG_ENABLE_MODULES = YES;
				CODE_SIGN_STYLE = Automatic;
				CURRENT_PROJECT_VERSION = 6;
				DEVELOPMENT_TEAM = 5FA3W32A75;
				ENABLE_PREVIEWS = YES;
				GENERATE_INFOPLIST_FILE = YES;
				INFOPLIST_KEY_NSPhotoLibraryUsageDescription = "MealPlannerRecipes asks to delete imported screen recordings from Photos when you choose that cleanup option.";
				INFOPLIST_KEY_NSSpeechRecognitionUsageDescription = "MealPlannerRecipes uses speech recognition to read spoken recipe instructions from videos you select.";
				INFOPLIST_KEY_UIApplicationSceneManifest_Generation = YES;
				INFOPLIST_KEY_UIApplicationSupportsIndirectInputEvents = YES;
				INFOPLIST_KEY_UILaunchScreen_Generation = YES;
				INFOPLIST_KEY_UISupportedInterfaceOrientations_iPad = "UIInterfaceOrientationPortrait UIInterfaceOrientationPortraitUpsideDown UIInterfaceOrientationLandscapeLeft UIInterfaceOrientationLandscapeRight";
				INFOPLIST_KEY_UISupportedInterfaceOrientations_iPhone = "UIInterfaceOrientationPortrait UIInterfaceOrientationLandscapeLeft UIInterfaceOrientationLandscapeRight";
				IPHONEOS_DEPLOYMENT_TARGET = 26.0;
				LD_RUNPATH_SEARCH_PATHS = (
					"$(inherited)",
					"@executable_path/Frameworks",
				);
				MARKETING_VERSION = 1.0;
				PRODUCT_BUNDLE_IDENTIFIER = com.ronnie.thayer.MealPlannerRecipes;
				PRODUCT_NAME = "$(TARGET_NAME)";
				STRING_CATALOG_GENERATE_SYMBOLS = YES;
				SWIFT_APPROACHABLE_CONCURRENCY = YES;
				SWIFT_DEFAULT_ACTOR_ISOLATION = MainActor;
				SWIFT_EMIT_LOC_STRINGS = YES;
				SWIFT_OBJC_BRIDGING_HEADER = "MealPlannerRecipes-Bridging-Header.h";
				SWIFT_OPTIMIZATION_LEVEL = "-Onone";
				SWIFT_UPCOMING_FEATURE_MEMBER_IMPORT_VISIBILITY = YES;
				SWIFT_VERSION = 5.0;
				TARGETED_DEVICE_FAMILY = "1,2";
			};
			name = Debug;
		};
		87321E3E2FA341B000958092 /* Release */ = {
			isa = XCBuildConfiguration;
			buildSettings = {
				ASSETCATALOG_COMPILER_APPICON_NAME = AppIcon;
				ASSETCATALOG_COMPILER_GLOBAL_ACCENT_COLOR_NAME = AccentColor;
				CLANG_ENABLE_MODULES = YES;
				CODE_SIGN_STYLE = Automatic;
				CURRENT_PROJECT_VERSION = 6;
				DEVELOPMENT_TEAM = 5FA3W32A75;
				ENABLE_PREVIEWS = YES;
				GENERATE_INFOPLIST_FILE = YES;
				INFOPLIST_KEY_NSPhotoLibraryUsageDescription = "MealPlannerRecipes asks to delete imported screen recordings from Photos when you choose that cleanup option.";
				INFOPLIST_KEY_NSSpeechRecognitionUsageDescription = "MealPlannerRecipes uses speech recognition to read spoken recipe instructions from videos you select.";
				INFOPLIST_KEY_UIApplicationSceneManifest_Generation = YES;
				INFOPLIST_KEY_UIApplicationSupportsIndirectInputEvents = YES;
				INFOPLIST_KEY_UILaunchScreen_Generation = YES;
				INFOPLIST_KEY_UISupportedInterfaceOrientations_iPad = "UIInterfaceOrientationPortrait UIInterfaceOrientationPortraitUpsideDown UIInterfaceOrientationLandscapeLeft UIInterfaceOrientationLandscapeRight";
				INFOPLIST_KEY_UISupportedInterfaceOrientations_iPhone = "UIInterfaceOrientationPortrait UIInterfaceOrientationLandscapeLeft UIInterfaceOrientationLandscapeRight";
				IPHONEOS_DEPLOYMENT_TARGET = 26.0;
				LD_RUNPATH_SEARCH_PATHS = (
					"$(inherited)",
					"@executable_path/Frameworks",
				);
				MARKETING_VERSION = 1.0;
				PRODUCT_BUNDLE_IDENTIFIER = com.ronnie.thayer.MealPlannerRecipes;
				PRODUCT_NAME = "$(TARGET_NAME)";
				STRING_CATALOG_GENERATE_SYMBOLS = YES;
				SWIFT_APPROACHABLE_CONCURRENCY = YES;
				SWIFT_DEFAULT_ACTOR_ISOLATION = MainActor;
				SWIFT_EMIT_LOC_STRINGS = YES;
				SWIFT_OBJC_BRIDGING_HEADER = "MealPlannerRecipes-Bridging-Header.h";
				SWIFT_UPCOMING_FEATURE_MEMBER_IMPORT_VISIBILITY = YES;
				SWIFT_VERSION = 5.0;
				TARGETED_DEVICE_FAMILY = "1,2";
			};
			name = Release;
		};
/* End XCBuildConfiguration section */

/* Begin XCConfigurationList section */
		87321E2C2FA341AF00958092 /* Build configuration list for PBXProject "MealPlannerRecipes" */ = {
			isa = XCConfigurationList;
			buildConfigurations = (
				87321E3A2FA341B000958092 /* Debug */,
				87321E3B2FA341B000958092 /* Release */,
			);
			defaultConfigurationIsVisible = 0;
			defaultConfigurationName = Release;
		};
		87321E3C2FA341B000958092 /* Build configuration list for PBXNativeTarget "MealPlannerRecipes" */ = {
			isa = XCConfigurationList;
			buildConfigurations = (
				87321E3D2FA341B000958092 /* Debug */,
				87321E3E2FA341B000958092 /* Release */,
			);
			defaultConfigurationIsVisible = 0;
			defaultConfigurationName = Release;
		};
/* End XCConfigurationList section */
	};
	rootObject = 87321E292FA341AF00958092 /* Project object */;
}
